
Microsoft Visual Studio Solution File, Format Version 12.00
# Visual Studio Version 17
VisualStudioVersion = 17.2.32526.322
MinimumVisualStudioVersion = 10.0.40219.1
Project("{FAE04EC0-301F-11D3-BF4B-00C04F79EFBC}") = "Form_bmp2", "Form_bmp2\Form_bmp2.csproj", "{D6A81BE7-7878-45ED-9C29-72C7FB7BD508}"
EndProject
Global
	GlobalSection(SolutionConfigurationPlatforms) = preSolution
		Debug|Any CPU = Debug|Any CPU
		Release|Any CPU = Release|Any CPU
	EndGlobalSection
	GlobalSection(ProjectConfigurationPlatforms) = postSolution
		{D6A81BE7-7878-45ED-9C29-72C7FB7BD508}.Debug|Any CPU.ActiveCfg = Debug|Any CPU
		{D6A81BE7-7878-45ED-9C29-72C7FB7BD508}.Debug|Any CPU.Build.0 = Debug|Any CPU
		{D6A81BE7-7878-45ED-9C29-72C7FB7BD508}.Release|Any CPU.ActiveCfg = Release|Any CPU
		{D6A81BE7-7878-45ED-9C29-72C7FB7BD508}.Release|Any CPU.Build.0 = Release|Any CPU
	EndGlobalSection
	GlobalSection(SolutionProperties) = preSolution
		HideSolutionNode = FALSE
	EndGlobalSection
	GlobalSection(ExtensibilityGlobals) = postSolution
		SolutionGuid = {5E535BE1-8984-4BB2-9B56-992AA8140EAE}
	EndGlobalSection
EndGlobal
